
Microsoft Visual Studio Solution File, Format Version 12.00
# Visual Studio Version 17
VisualStudioVersion = 17.5.33502.453
MinimumVisualStudioVersion = 10.0.40219.1
Project("{FAE04EC0-301F-11D3-BF4B-00C04F79EFBC}") = "ConsoleApp3", "ConsoleApp3\ConsoleApp3.csproj", "{8E8A9177-3700-4851-9102-D8F28B1AA000}"
EndProject
Project("{FAE04EC0-301F-11D3-BF4B-00C04F79EFBC}") = "ConsoleApp1", "ConsoleApp1\ConsoleApp1.csproj", "{CABEE93D-8864-4020-A165-567832404DA9}"
EndProject
Project("{FAE04EC0-301F-11D3-BF4B-00C04F79EFBC}") = "ConsoleApp2", "ConsoleApp2\ConsoleApp2.csproj", "{F0DD36D9-0D31-4352-AA50-10C3F8A24CD1}"
EndProject
Global
	GlobalSection(SolutionConfigurationPlatforms) = preSolution
		Debug|Any CPU = Debug|Any CPU
		Release|Any CPU = Release|Any CPU
	EndGlobalSection
	GlobalSection(ProjectConfigurationPlatforms) = postSolution
		{8E8A9177-3700-4851-9102-D8F28B1AA000}.Debug|Any CPU.ActiveCfg = Debug|Any CPU
		{8E8A9177-3700-4851-9102-D8F28B1AA000}.Debug|Any CPU.Build.0 = Debug|Any CPU
		{8E8A9177-3700-4851-9102-D8F28B1AA000}.Release|Any CPU.ActiveCfg = Release|Any CPU
		{8E8A9177-3700-4851-9102-D8F28B1AA000}.Release|Any CPU.Build.0 = Release|Any CPU
		{CABEE93D-8864-4020-A165-567832404DA9}.Debug|Any CPU.ActiveCfg = Debug|Any CPU
		{CABEE93D-8864-4020-A165-567832404DA9}.Debug|Any CPU.Build.0 = Debug|Any CPU
		{CABEE93D-8864-4020-A165-567832404DA9}.Release|Any CPU.ActiveCfg = Release|Any CPU
		{CABEE93D-8864-4020-A165-567832404DA9}.Release|Any CPU.Build.0 = Release|Any CPU
		{F0DD36D9-0D31-4352-AA50-10C3F8A24CD1}.Debug|Any CPU.ActiveCfg = Debug|Any CPU
		{F0DD36D9-0D31-4352-AA50-10C3F8A24CD1}.Debug|Any CPU.Build.0 = Debug|Any CPU
		{F0DD36D9-0D31-4352-AA50-10C3F8A24CD1}.Release|Any CPU.ActiveCfg = Release|Any CPU
		{F0DD36D9-0D31-4352-AA50-10C3F8A24CD1}.Release|Any CPU.Build.0 = Release|Any CPU
	EndGlobalSection
	GlobalSection(SolutionProperties) = preSolution
		HideSolutionNode = FALSE
	EndGlobalSection
	GlobalSection(ExtensibilityGlobals) = postSolution
		SolutionGuid = {C419D6E2-63C4-4980-BC85-6FD48C6C54B7}
	EndGlobalSection
EndGlobal
